
Microsoft Visual Studio Solution File, Format Version 12.00
# Visual Studio Version 16
VisualStudioVersion = 16.0.31424.327
MinimumVisualStudioVersion = 10.0.40219.1
Project("{FAE04EC0-301F-11D3-BF4B-00C04F79EFBC}") = "VehicleLicenseTax", "VehicleLicenseTax\VehicleLicenseTax.csproj", "{EA398F18-97C6-403E-AB51-D052422ADDAF}"
EndProject
Global
	GlobalSection(SolutionConfigurationPlatforms) = preSolution
		Debug|Any CPU = Debug|Any CPU
		Release|Any CPU = Release|Any CPU
	EndGlobalSection
	GlobalSection(ProjectConfigurationPlatforms) = postSolution
		{EA398F18-97C6-403E-AB51-D052422ADDAF}.Debug|Any CPU.ActiveCfg = Debug|Any CPU
		{EA398F18-97C6-403E-AB51-D052422ADDAF}.Debug|Any CPU.Build.0 = Debug|Any CPU
		{EA398F18-97C6-403E-AB51-D052422ADDAF}.Release|Any CPU.ActiveCfg = Release|Any CPU
		{EA398F18-97C6-403E-AB51-D052422ADDAF}.Release|Any CPU.Build.0 = Release|Any CPU
	EndGlobalSection
	GlobalSection(SolutionProperties) = preSolution
		HideSolutionNode = FALSE
	EndGlobalSection
	GlobalSection(ExtensibilityGlobals) = postSolution
		SolutionGuid = {5F0FFFF4-733E-4856-B1FD-3F9FF3DEA028}
	EndGlobalSection
EndGlobal
